
Microsoft Visual Studio Solution File, Format Version 12.00
# Visual Studio Version 16
VisualStudioVersion = 16.0.33423.256
MinimumVisualStudioVersion = 10.0.40219.1
Project("{FAE04EC0-301F-11D3-BF4B-00C04F79EFBC}") = "Ex03.ConsoleUI", "Ex03.GarageLogic\Ex03.ConsoleUI.csproj", "{0A86D92B-2736-4B88-BE24-29ED5F4408E4}"
EndProject
Project("{FAE04EC0-301F-11D3-BF4B-00C04F79EFBC}") = "Ex03.GarageLogic", "Ex03.GarageLogic2\Ex03.GarageLogic.csproj", "{0F2A7630-A105-4F23-BE0C-FF5E38983C83}"
EndProject
Global
	GlobalSection(SolutionConfigurationPlatforms) = preSolution
		Debug|Any CPU = Debug|Any CPU
		Release|Any CPU = Release|Any CPU
	EndGlobalSection
	GlobalSection(ProjectConfigurationPlatforms) = postSolution
		{0A86D92B-2736-4B88-BE24-29ED5F4408E4}.Debug|Any CPU.ActiveCfg = Debug|Any CPU
		{0A86D92B-2736-4B88-BE24-29ED5F4408E4}.Debug|Any CPU.Build.0 = Debug|Any CPU
		{0A86D92B-2736-4B88-BE24-29ED5F4408E4}.Release|Any CPU.ActiveCfg = Release|Any CPU
		{0A86D92B-2736-4B88-BE24-29ED5F4408E4}.Release|Any CPU.Build.0 = Release|Any CPU
		{0F2A7630-A105-4F23-BE0C-FF5E38983C83}.Debug|Any CPU.ActiveCfg = Debug|Any CPU
		{0F2A7630-A105-4F23-BE0C-FF5E38983C83}.Debug|Any CPU.Build.0 = Debug|Any CPU
		{0F2A7630-A105-4F23-BE0C-FF5E38983C83}.Release|Any CPU.ActiveCfg = Release|Any CPU
		{0F2A7630-A105-4F23-BE0C-FF5E38983C83}.Release|Any CPU.Build.0 = Release|Any CPU
	EndGlobalSection
	GlobalSection(SolutionProperties) = preSolution
		HideSolutionNode = FALSE
	EndGlobalSection
	GlobalSection(ExtensibilityGlobals) = postSolution
		SolutionGuid = {F1976A33-B35C-4275-AD72-6D8D7FFD19DE}
	EndGlobalSection
EndGlobal
