
Microsoft Visual Studio Solution File, Format Version 12.00
# Visual Studio Version 17
VisualStudioVersion = 17.5.33627.172
MinimumVisualStudioVersion = 10.0.40219.1
Project("{FAE04EC0-301F-11D3-BF4B-00C04F79EFBC}") = "Ex03.GarageLogic", "Garage\Ex03.GarageLogic.csproj", "{12CFDA30-E893-422F-8743-1E7BC38B83C4}"
EndProject
Project("{FAE04EC0-301F-11D3-BF4B-00C04F79EFBC}") = "Ex03.ConsoleUI", "Ex03.GarageLogic\Ex03.ConsoleUI.csproj", "{0A86D92B-2736-4B88-BE24-29ED5F4408E4}"
EndProject
Global
	GlobalSection(SolutionConfigurationPlatforms) = preSolution
		Debug|Any CPU = Debug|Any CPU
		Release|Any CPU = Release|Any CPU
	EndGlobalSection
	GlobalSection(ProjectConfigurationPlatforms) = postSolution
		{12CFDA30-E893-422F-8743-1E7BC38B83C4}.Debug|Any CPU.ActiveCfg = Debug|Any CPU
		{12CFDA30-E893-422F-8743-1E7BC38B83C4}.Debug|Any CPU.Build.0 = Debug|Any CPU
		{12CFDA30-E893-422F-8743-1E7BC38B83C4}.Release|Any CPU.ActiveCfg = Release|Any CPU
		{12CFDA30-E893-422F-8743-1E7BC38B83C4}.Release|Any CPU.Build.0 = Release|Any CPU
		{0A86D92B-2736-4B88-BE24-29ED5F4408E4}.Debug|Any CPU.ActiveCfg = Debug|Any CPU
		{0A86D92B-2736-4B88-BE24-29ED5F4408E4}.Debug|Any CPU.Build.0 = Debug|Any CPU
		{0A86D92B-2736-4B88-BE24-29ED5F4408E4}.Release|Any CPU.ActiveCfg = Release|Any CPU
		{0A86D92B-2736-4B88-BE24-29ED5F4408E4}.Release|Any CPU.Build.0 = Release|Any CPU
	EndGlobalSection
	GlobalSection(SolutionProperties) = preSolution
		HideSolutionNode = FALSE
	EndGlobalSection
	GlobalSection(ExtensibilityGlobals) = postSolution
		SolutionGuid = {F1976A33-B35C-4275-AD72-6D8D7FFD19DE}
	EndGlobalSection
EndGlobal
